
Microsoft Visual Studio Solution File, Format Version 12.00
# Visual Studio Version 17
VisualStudioVersion = 17.0.32014.148
MinimumVisualStudioVersion = 10.0.40219.1
Project("{FAE04EC0-301F-11D3-BF4B-00C04F79EFBC}") = "NarikNeural", "NarikNeural\NarikNeural.csproj", "{5E7CD663-54AB-4120-A55D-D8BF29C1454A}"
EndProject
Project("{FAE04EC0-301F-11D3-BF4B-00C04F79EFBC}") = "EvaluateTen", "EvaluateTen\EvaluateTen.csproj", "{0F71E995-EEDD-43A5-BF6D-5D802DE92F15}"
EndProject
Global
	GlobalSection(SolutionConfigurationPlatforms) = preSolution
		Debug|Any CPU = Debug|Any CPU
		Release|Any CPU = Release|Any CPU
	EndGlobalSection
	GlobalSection(ProjectConfigurationPlatforms) = postSolution
		{5E7CD663-54AB-4120-A55D-D8BF29C1454A}.Debug|Any CPU.ActiveCfg = Debug|Any CPU
		{5E7CD663-54AB-4120-A55D-D8BF29C1454A}.Debug|Any CPU.Build.0 = Debug|Any CPU
		{5E7CD663-54AB-4120-A55D-D8BF29C1454A}.Release|Any CPU.ActiveCfg = Release|Any CPU
		{5E7CD663-54AB-4120-A55D-D8BF29C1454A}.Release|Any CPU.Build.0 = Release|Any CPU
		{0F71E995-EEDD-43A5-BF6D-5D802DE92F15}.Debug|Any CPU.ActiveCfg = Debug|Any CPU
		{0F71E995-EEDD-43A5-BF6D-5D802DE92F15}.Debug|Any CPU.Build.0 = Debug|Any CPU
		{0F71E995-EEDD-43A5-BF6D-5D802DE92F15}.Release|Any CPU.ActiveCfg = Release|Any CPU
		{0F71E995-EEDD-43A5-BF6D-5D802DE92F15}.Release|Any CPU.Build.0 = Release|Any CPU
	EndGlobalSection
	GlobalSection(SolutionProperties) = preSolution
		HideSolutionNode = FALSE
	EndGlobalSection
	GlobalSection(ExtensibilityGlobals) = postSolution
		SolutionGuid = {5A269150-18FA-4EF8-AD60-B34A087632E5}
	EndGlobalSection
EndGlobal
